
Microsoft Visual Studio Solution File, Format Version 12.00
# Visual Studio Version 17
VisualStudioVersion = 17.10.35027.167
MinimumVisualStudioVersion = 10.0.40219.1
Project("{FAE04EC0-301F-11D3-BF4B-00C04F79EFBC}") = "prac34.2", "prac34.2.csproj", "{A8613945-3368-4F6C-8273-63873541E8B0}"
EndProject
Global
	GlobalSection(SolutionConfigurationPlatforms) = preSolution
		Debug|Any CPU = Debug|Any CPU
		Release|Any CPU = Release|Any CPU
	EndGlobalSection
	GlobalSection(ProjectConfigurationPlatforms) = postSolution
		{A8613945-3368-4F6C-8273-63873541E8B0}.Debug|Any CPU.ActiveCfg = Debug|Any CPU
		{A8613945-3368-4F6C-8273-63873541E8B0}.Debug|Any CPU.Build.0 = Debug|Any CPU
		{A8613945-3368-4F6C-8273-63873541E8B0}.Release|Any CPU.ActiveCfg = Release|Any CPU
		{A8613945-3368-4F6C-8273-63873541E8B0}.Release|Any CPU.Build.0 = Release|Any CPU
	EndGlobalSection
	GlobalSection(SolutionProperties) = preSolution
		HideSolutionNode = FALSE
	EndGlobalSection
	GlobalSection(ExtensibilityGlobals) = postSolution
		SolutionGuid = {BD006C47-7D95-4501-879C-AE5BC5FB1E92}
	EndGlobalSection
EndGlobal
