
Microsoft Visual Studio Solution File, Format Version 12.00
# Visual Studio Version 17
VisualStudioVersion = 17.10.35027.167
MinimumVisualStudioVersion = 10.0.40219.1
Project("{FAE04EC0-301F-11D3-BF4B-00C04F79EFBC}") = "prac41(1)", "prac41(1).csproj", "{F670891D-2416-4938-A9AB-4336A8B35E78}"
EndProject
Global
	GlobalSection(SolutionConfigurationPlatforms) = preSolution
		Debug|Any CPU = Debug|Any CPU
		Release|Any CPU = Release|Any CPU
	EndGlobalSection
	GlobalSection(ProjectConfigurationPlatforms) = postSolution
		{F670891D-2416-4938-A9AB-4336A8B35E78}.Debug|Any CPU.ActiveCfg = Debug|Any CPU
		{F670891D-2416-4938-A9AB-4336A8B35E78}.Debug|Any CPU.Build.0 = Debug|Any CPU
		{F670891D-2416-4938-A9AB-4336A8B35E78}.Release|Any CPU.ActiveCfg = Release|Any CPU
		{F670891D-2416-4938-A9AB-4336A8B35E78}.Release|Any CPU.Build.0 = Release|Any CPU
	EndGlobalSection
	GlobalSection(SolutionProperties) = preSolution
		HideSolutionNode = FALSE
	EndGlobalSection
	GlobalSection(ExtensibilityGlobals) = postSolution
		SolutionGuid = {AAB652F2-7E61-44A5-9BA0-24A91471DDED}
	EndGlobalSection
EndGlobal
