
Microsoft Visual Studio Solution File, Format Version 12.00
# Visual Studio Version 17
VisualStudioVersion = 17.14.36127.28 d17.14
MinimumVisualStudioVersion = 10.0.40219.1
Project("{FAE04EC0-301F-11D3-BF4B-00C04F79EFBC}") = "ConsoleApp1", "ConsoleApp1.csproj", "{21F00441-D6A3-4FCE-9D57-9150236FFB7D}"
EndProject
Global
	GlobalSection(SolutionConfigurationPlatforms) = preSolution
		Debug|Any CPU = Debug|Any CPU
		Release|Any CPU = Release|Any CPU
	EndGlobalSection
	GlobalSection(ProjectConfigurationPlatforms) = postSolution
		{21F00441-D6A3-4FCE-9D57-9150236FFB7D}.Debug|Any CPU.ActiveCfg = Debug|Any CPU
		{21F00441-D6A3-4FCE-9D57-9150236FFB7D}.Debug|Any CPU.Build.0 = Debug|Any CPU
		{21F00441-D6A3-4FCE-9D57-9150236FFB7D}.Release|Any CPU.ActiveCfg = Release|Any CPU
		{21F00441-D6A3-4FCE-9D57-9150236FFB7D}.Release|Any CPU.Build.0 = Release|Any CPU
	EndGlobalSection
	GlobalSection(SolutionProperties) = preSolution
		HideSolutionNode = FALSE
	EndGlobalSection
	GlobalSection(ExtensibilityGlobals) = postSolution
		SolutionGuid = {26BB29B7-16E4-484D-AA2E-748EFE6A095F}
	EndGlobalSection
EndGlobal
