
Microsoft Visual Studio Solution File, Format Version 12.00
# Visual Studio Version 17
VisualStudioVersion = 17.10.35027.167
MinimumVisualStudioVersion = 10.0.40219.1
Project("{FAE04EC0-301F-11D3-BF4B-00C04F79EFBC}") = "Prac13(3)", "Prac13(3).csproj", "{1DB1BACE-0EDA-4737-B163-524C75C37B45}"
EndProject
Global
	GlobalSection(SolutionConfigurationPlatforms) = preSolution
		Debug|Any CPU = Debug|Any CPU
		Release|Any CPU = Release|Any CPU
	EndGlobalSection
	GlobalSection(ProjectConfigurationPlatforms) = postSolution
		{1DB1BACE-0EDA-4737-B163-524C75C37B45}.Debug|Any CPU.ActiveCfg = Debug|Any CPU
		{1DB1BACE-0EDA-4737-B163-524C75C37B45}.Debug|Any CPU.Build.0 = Debug|Any CPU
		{1DB1BACE-0EDA-4737-B163-524C75C37B45}.Release|Any CPU.ActiveCfg = Release|Any CPU
		{1DB1BACE-0EDA-4737-B163-524C75C37B45}.Release|Any CPU.Build.0 = Release|Any CPU
	EndGlobalSection
	GlobalSection(SolutionProperties) = preSolution
		HideSolutionNode = FALSE
	EndGlobalSection
	GlobalSection(ExtensibilityGlobals) = postSolution
		SolutionGuid = {F7470CF5-6360-40BB-8F25-27A5DBB4F162}
	EndGlobalSection
EndGlobal
