
Microsoft Visual Studio Solution File, Format Version 12.00
# Visual Studio Version 17
VisualStudioVersion = 17.10.35027.167
MinimumVisualStudioVersion = 10.0.40219.1
Project("{FAE04EC0-301F-11D3-BF4B-00C04F79EFBC}") = "p30", "p30.csproj", "{A6A81385-6888-4624-B717-64B1770A029D}"
EndProject
Global
	GlobalSection(SolutionConfigurationPlatforms) = preSolution
		Debug|Any CPU = Debug|Any CPU
		Release|Any CPU = Release|Any CPU
	EndGlobalSection
	GlobalSection(ProjectConfigurationPlatforms) = postSolution
		{A6A81385-6888-4624-B717-64B1770A029D}.Debug|Any CPU.ActiveCfg = Debug|Any CPU
		{A6A81385-6888-4624-B717-64B1770A029D}.Debug|Any CPU.Build.0 = Debug|Any CPU
		{A6A81385-6888-4624-B717-64B1770A029D}.Release|Any CPU.ActiveCfg = Release|Any CPU
		{A6A81385-6888-4624-B717-64B1770A029D}.Release|Any CPU.Build.0 = Release|Any CPU
	EndGlobalSection
	GlobalSection(SolutionProperties) = preSolution
		HideSolutionNode = FALSE
	EndGlobalSection
	GlobalSection(ExtensibilityGlobals) = postSolution
		SolutionGuid = {5D7BAA72-FB9E-4A94-8E0F-F487AEDF622B}
	EndGlobalSection
EndGlobal
